
Microsoft Visual Studio Solution File, Format Version 12.00
# Visual Studio Version 16
VisualStudioVersion = 16.0.29613.14
MinimumVisualStudioVersion = 10.0.40219.1
Project("{FAE04EC0-301F-11D3-BF4B-00C04F79EFBC}") = "tomcMatijaPetlje5", "tomcMatijaPetlje5\tomcMatijaPetlje5.csproj", "{31A0A3EE-E186-467B-9D98-80701BC55330}"
EndProject
Global
	GlobalSection(SolutionConfigurationPlatforms) = preSolution
		Debug|Any CPU = Debug|Any CPU
		Release|Any CPU = Release|Any CPU
	EndGlobalSection
	GlobalSection(ProjectConfigurationPlatforms) = postSolution
		{31A0A3EE-E186-467B-9D98-80701BC55330}.Debug|Any CPU.ActiveCfg = Debug|Any CPU
		{31A0A3EE-E186-467B-9D98-80701BC55330}.Debug|Any CPU.Build.0 = Debug|Any CPU
		{31A0A3EE-E186-467B-9D98-80701BC55330}.Release|Any CPU.ActiveCfg = Release|Any CPU
		{31A0A3EE-E186-467B-9D98-80701BC55330}.Release|Any CPU.Build.0 = Release|Any CPU
	EndGlobalSection
	GlobalSection(SolutionProperties) = preSolution
		HideSolutionNode = FALSE
	EndGlobalSection
	GlobalSection(ExtensibilityGlobals) = postSolution
		SolutionGuid = {C3899A27-C501-4079-A6DD-90547CC32A2E}
	EndGlobalSection
EndGlobal
