
Microsoft Visual Studio Solution File, Format Version 12.00
# Visual Studio Version 16
VisualStudioVersion = 16.0.29613.14
MinimumVisualStudioVersion = 10.0.40219.1
Project("{FAE04EC0-301F-11D3-BF4B-00C04F79EFBC}") = "tomcMatijaPetlje9", "tomcMatijaPetlje9\tomcMatijaPetlje9.csproj", "{C8986985-5727-4167-B96F-F6C9354896B3}"
EndProject
Global
	GlobalSection(SolutionConfigurationPlatforms) = preSolution
		Debug|Any CPU = Debug|Any CPU
		Release|Any CPU = Release|Any CPU
	EndGlobalSection
	GlobalSection(ProjectConfigurationPlatforms) = postSolution
		{C8986985-5727-4167-B96F-F6C9354896B3}.Debug|Any CPU.ActiveCfg = Debug|Any CPU
		{C8986985-5727-4167-B96F-F6C9354896B3}.Debug|Any CPU.Build.0 = Debug|Any CPU
		{C8986985-5727-4167-B96F-F6C9354896B3}.Release|Any CPU.ActiveCfg = Release|Any CPU
		{C8986985-5727-4167-B96F-F6C9354896B3}.Release|Any CPU.Build.0 = Release|Any CPU
	EndGlobalSection
	GlobalSection(SolutionProperties) = preSolution
		HideSolutionNode = FALSE
	EndGlobalSection
	GlobalSection(ExtensibilityGlobals) = postSolution
		SolutionGuid = {42DE6D23-C86E-4C7D-8950-74B74869D1F3}
	EndGlobalSection
EndGlobal
