
Microsoft Visual Studio Solution File, Format Version 12.00
# Visual Studio Version 16
VisualStudioVersion = 16.0.29613.14
MinimumVisualStudioVersion = 10.0.40219.1
Project("{FAE04EC0-301F-11D3-BF4B-00C04F79EFBC}") = "tomcMatijaPetlje1", "tomcMatijaPetlje1\tomcMatijaPetlje1.csproj", "{380865F7-885F-41AB-995A-0C491377B12C}"
EndProject
Global
	GlobalSection(SolutionConfigurationPlatforms) = preSolution
		Debug|Any CPU = Debug|Any CPU
		Release|Any CPU = Release|Any CPU
	EndGlobalSection
	GlobalSection(ProjectConfigurationPlatforms) = postSolution
		{380865F7-885F-41AB-995A-0C491377B12C}.Debug|Any CPU.ActiveCfg = Debug|Any CPU
		{380865F7-885F-41AB-995A-0C491377B12C}.Debug|Any CPU.Build.0 = Debug|Any CPU
		{380865F7-885F-41AB-995A-0C491377B12C}.Release|Any CPU.ActiveCfg = Release|Any CPU
		{380865F7-885F-41AB-995A-0C491377B12C}.Release|Any CPU.Build.0 = Release|Any CPU
	EndGlobalSection
	GlobalSection(SolutionProperties) = preSolution
		HideSolutionNode = FALSE
	EndGlobalSection
	GlobalSection(ExtensibilityGlobals) = postSolution
		SolutionGuid = {97BAD19D-48C3-4AE6-8A89-0FC86609A4F4}
	EndGlobalSection
EndGlobal
